
Microsoft Visual Studio Solution File, Format Version 12.00
# Visual Studio Version 17
VisualStudioVersion = 17.5.002.0
MinimumVisualStudioVersion = 10.0.40219.1
Project("{71DB246C-7BAA-42A5-9DBB-40590021E70A}") = "AutoScanClassic", "AutoScanClassic/AutoScanClassic.csproj", "{2ABFD8BF-3A8A-405C-91F9-8CAF0F6D6156}"
EndProject
Global
	GlobalSection(SolutionConfigurationPlatforms) = preSolution
		Debug|Any CPU = Debug|Any CPU
		Release|Any CPU = Release|Any CPU
	EndGlobalSection
	GlobalSection(ProjectConfigurationPlatforms) = postSolution
		{2ABFD8BF-3A8A-405C-91F9-8CAF0F6D6156}.Debug|Any CPU.ActiveCfg = Debug|Any CPU
		{2ABFD8BF-3A8A-405C-91F9-8CAF0F6D6156}.Debug|Any CPU.Build.0 = Debug|Any CPU
		{2ABFD8BF-3A8A-405C-91F9-8CAF0F6D6156}.Release|Any CPU.ActiveCfg = Release|Any CPU
		{2ABFD8BF-3A8A-405C-91F9-8CAF0F6D6156}.Release|Any CPU.Build.0 = Release|Any CPU
	EndGlobalSection
	GlobalSection(SolutionProperties) = preSolution
		HideSolutionNode = FALSE
	EndGlobalSection
	GlobalSection(ExtensibilityGlobals) = postSolution
		SolutionGuid = {95554C57-C66D-403E-9DED-227BCFD9D6B7}
	EndGlobalSection
EndGlobal
